
Microsoft Visual Studio Solution File, Format Version 12.00
# Visual Studio Version 17
VisualStudioVersion = 17.5.33530.505
MinimumVisualStudioVersion = 10.0.40219.1
Project("{FAE04EC0-301F-11D3-BF4B-00C04F79EFBC}") = "fibo nachi", "fibo nachi.csproj", "{4F78C1CF-EF38-4E2D-8C9F-23E7AAFC7AFA}"
EndProject
Global
	GlobalSection(SolutionConfigurationPlatforms) = preSolution
		Debug|Any CPU = Debug|Any CPU
		Release|Any CPU = Release|Any CPU
	EndGlobalSection
	GlobalSection(ProjectConfigurationPlatforms) = postSolution
		{4F78C1CF-EF38-4E2D-8C9F-23E7AAFC7AFA}.Debug|Any CPU.ActiveCfg = Debug|Any CPU
		{4F78C1CF-EF38-4E2D-8C9F-23E7AAFC7AFA}.Debug|Any CPU.Build.0 = Debug|Any CPU
		{4F78C1CF-EF38-4E2D-8C9F-23E7AAFC7AFA}.Release|Any CPU.ActiveCfg = Release|Any CPU
		{4F78C1CF-EF38-4E2D-8C9F-23E7AAFC7AFA}.Release|Any CPU.Build.0 = Release|Any CPU
	EndGlobalSection
	GlobalSection(SolutionProperties) = preSolution
		HideSolutionNode = FALSE
	EndGlobalSection
	GlobalSection(ExtensibilityGlobals) = postSolution
		SolutionGuid = {16D14A67-0A25-48F9-9F69-D19F77C00865}
	EndGlobalSection
EndGlobal
